
Microsoft Visual Studio Solution File, Format Version 12.00
# Visual Studio Version 17
VisualStudioVersion = 17.5.33516.290
MinimumVisualStudioVersion = 10.0.40219.1
Project("{8BC9CEB8-8B4A-11D0-8D11-00A0C91BC942}") = "answer1", "answer1.vcxproj", "{11D9B516-8E0A-4D13-93F1-A2F486623C06}"
EndProject
Global
	GlobalSection(SolutionConfigurationPlatforms) = preSolution
		Debug|x64 = Debug|x64
		Debug|x86 = Debug|x86
		Release|x64 = Release|x64
		Release|x86 = Release|x86
	EndGlobalSection
	GlobalSection(ProjectConfigurationPlatforms) = postSolution
		{11D9B516-8E0A-4D13-93F1-A2F486623C06}.Debug|x64.ActiveCfg = Debug|x64
		{11D9B516-8E0A-4D13-93F1-A2F486623C06}.Debug|x64.Build.0 = Debug|x64
		{11D9B516-8E0A-4D13-93F1-A2F486623C06}.Debug|x86.ActiveCfg = Debug|Win32
		{11D9B516-8E0A-4D13-93F1-A2F486623C06}.Debug|x86.Build.0 = Debug|Win32
		{11D9B516-8E0A-4D13-93F1-A2F486623C06}.Release|x64.ActiveCfg = Release|x64
		{11D9B516-8E0A-4D13-93F1-A2F486623C06}.Release|x64.Build.0 = Release|x64
		{11D9B516-8E0A-4D13-93F1-A2F486623C06}.Release|x86.ActiveCfg = Release|Win32
		{11D9B516-8E0A-4D13-93F1-A2F486623C06}.Release|x86.Build.0 = Release|Win32
	EndGlobalSection
	GlobalSection(SolutionProperties) = preSolution
		HideSolutionNode = FALSE
	EndGlobalSection
	GlobalSection(ExtensibilityGlobals) = postSolution
		SolutionGuid = {ED132DC9-0A53-4951-88D2-0F85C77792BE}
	EndGlobalSection
EndGlobal
