
Microsoft Visual Studio Solution File, Format Version 12.00
# Visual Studio Version 17
VisualStudioVersion = 17.5.33516.290
MinimumVisualStudioVersion = 10.0.40219.1
Project("{8BC9CEB8-8B4A-11D0-8D11-00A0C91BC942}") = "0306", "0306.vcxproj", "{A9FFEF3E-8CEF-4504-8B8F-AA9C99156C5D}"
EndProject
Global
	GlobalSection(SolutionConfigurationPlatforms) = preSolution
		Debug|x64 = Debug|x64
		Debug|x86 = Debug|x86
		Release|x64 = Release|x64
		Release|x86 = Release|x86
	EndGlobalSection
	GlobalSection(ProjectConfigurationPlatforms) = postSolution
		{A9FFEF3E-8CEF-4504-8B8F-AA9C99156C5D}.Debug|x64.ActiveCfg = Debug|x64
		{A9FFEF3E-8CEF-4504-8B8F-AA9C99156C5D}.Debug|x64.Build.0 = Debug|x64
		{A9FFEF3E-8CEF-4504-8B8F-AA9C99156C5D}.Debug|x86.ActiveCfg = Debug|Win32
		{A9FFEF3E-8CEF-4504-8B8F-AA9C99156C5D}.Debug|x86.Build.0 = Debug|Win32
		{A9FFEF3E-8CEF-4504-8B8F-AA9C99156C5D}.Release|x64.ActiveCfg = Release|x64
		{A9FFEF3E-8CEF-4504-8B8F-AA9C99156C5D}.Release|x64.Build.0 = Release|x64
		{A9FFEF3E-8CEF-4504-8B8F-AA9C99156C5D}.Release|x86.ActiveCfg = Release|Win32
		{A9FFEF3E-8CEF-4504-8B8F-AA9C99156C5D}.Release|x86.Build.0 = Release|Win32
	EndGlobalSection
	GlobalSection(SolutionProperties) = preSolution
		HideSolutionNode = FALSE
	EndGlobalSection
	GlobalSection(ExtensibilityGlobals) = postSolution
		SolutionGuid = {5DC6787B-965C-4CB5-853B-E19A246B49D4}
	EndGlobalSection
EndGlobal
